
Microsoft Visual Studio Solution File, Format Version 12.00
# Visual Studio Version 17
VisualStudioVersion = 17.10.35013.160
MinimumVisualStudioVersion = 10.0.40219.1
Project("{FAE04EC0-301F-11D3-BF4B-00C04F79EFBC}") = "FolhaDePagamentoMecanica", "FolhaDePagamentoMecanica\FolhaDePagamentoMecanica.csproj", "{3E33EBB2-C697-472A-B6F1-8AC87663C573}"
EndProject
Global
	GlobalSection(SolutionConfigurationPlatforms) = preSolution
		Debug|Any CPU = Debug|Any CPU
		Release|Any CPU = Release|Any CPU
	EndGlobalSection
	GlobalSection(ProjectConfigurationPlatforms) = postSolution
		{3E33EBB2-C697-472A-B6F1-8AC87663C573}.Debug|Any CPU.ActiveCfg = Debug|Any CPU
		{3E33EBB2-C697-472A-B6F1-8AC87663C573}.Debug|Any CPU.Build.0 = Debug|Any CPU
		{3E33EBB2-C697-472A-B6F1-8AC87663C573}.Release|Any CPU.ActiveCfg = Release|Any CPU
		{3E33EBB2-C697-472A-B6F1-8AC87663C573}.Release|Any CPU.Build.0 = Release|Any CPU
	EndGlobalSection
	GlobalSection(SolutionProperties) = preSolution
		HideSolutionNode = FALSE
	EndGlobalSection
	GlobalSection(ExtensibilityGlobals) = postSolution
		SolutionGuid = {FFF712B0-D53E-4CB9-B53B-C73766D49F13}
	EndGlobalSection
EndGlobal
